
Microsoft Visual Studio Solution File, Format Version 12.00
# Visual Studio Version 16
VisualStudioVersion = 16.0.31829.152
MinimumVisualStudioVersion = 10.0.40219.1
Project("{FAE04EC0-301F-11D3-BF4B-00C04F79EFBC}") = "TheBillboard", "TheBillboard\TheBillboard.csproj", "{9FDD450E-2DAC-4F88-8D3B-395061621704}"
EndProject
Global
	GlobalSection(SolutionConfigurationPlatforms) = preSolution
		Debug|Any CPU = Debug|Any CPU
		Release|Any CPU = Release|Any CPU
	EndGlobalSection
	GlobalSection(ProjectConfigurationPlatforms) = postSolution
		{9FDD450E-2DAC-4F88-8D3B-395061621704}.Debug|Any CPU.ActiveCfg = Debug|Any CPU
		{9FDD450E-2DAC-4F88-8D3B-395061621704}.Debug|Any CPU.Build.0 = Debug|Any CPU
		{9FDD450E-2DAC-4F88-8D3B-395061621704}.Release|Any CPU.ActiveCfg = Release|Any CPU
		{9FDD450E-2DAC-4F88-8D3B-395061621704}.Release|Any CPU.Build.0 = Release|Any CPU
	EndGlobalSection
	GlobalSection(SolutionProperties) = preSolution
		HideSolutionNode = FALSE
	EndGlobalSection
	GlobalSection(ExtensibilityGlobals) = postSolution
		SolutionGuid = {B7414D49-BFC4-4C2D-BA8C-8915C337D248}
	EndGlobalSection
EndGlobal
